
Microsoft Visual Studio Solution File, Format Version 12.00
# Visual Studio Version 17
VisualStudioVersion = 17.5.33502.453
MinimumVisualStudioVersion = 10.0.40219.1
Project("{FAE04EC0-301F-11D3-BF4B-00C04F79EFBC}") = "FinalProject", "FinalProject.csproj", "{6330BAF0-DF13-488F-9C39-015C1304134C}"
EndProject
Global
	GlobalSection(SolutionConfigurationPlatforms) = preSolution
		Debug|Any CPU = Debug|Any CPU
		Release|Any CPU = Release|Any CPU
	EndGlobalSection
	GlobalSection(ProjectConfigurationPlatforms) = postSolution
		{6330BAF0-DF13-488F-9C39-015C1304134C}.Debug|Any CPU.ActiveCfg = Debug|Any CPU
		{6330BAF0-DF13-488F-9C39-015C1304134C}.Debug|Any CPU.Build.0 = Debug|Any CPU
		{6330BAF0-DF13-488F-9C39-015C1304134C}.Release|Any CPU.ActiveCfg = Release|Any CPU
		{6330BAF0-DF13-488F-9C39-015C1304134C}.Release|Any CPU.Build.0 = Release|Any CPU
	EndGlobalSection
	GlobalSection(SolutionProperties) = preSolution
		HideSolutionNode = FALSE
	EndGlobalSection
	GlobalSection(ExtensibilityGlobals) = postSolution
		SolutionGuid = {764393C1-7E57-4E97-978F-5260B533FAA6}
	EndGlobalSection
EndGlobal
